# THIS IS AN AUTOGENERATED FILE. DO NOT EDIT THIS FILE DIRECTLY.
# yarn lockfile v1


module-excercise-simply-babel@^1.0.2:
  version "1.0.2"
  resolved "https://registry.yarnpkg.com/module-excercise-simply-babel/-/module-excercise-simply-babel-1.0.2.tgz#738d9a405ac49fe4519195aa7c916f4196d72c5d"
  integrity sha512-t44XoogUfipjTuVKh1Y80yHYpS1feeEyb9elriYt4/waudHnBVD+S0gkOOQAZUdLx4tfpOPN8TaqsO9oqNnVWA==

module-excercise-webpack@^1.0.4:
  version "1.0.4"
  resolved "https://registry.yarnpkg.com/module-excercise-webpack/-/module-excercise-webpack-1.0.4.tgz#cfcd5438f71dcf7314bc267c1b1104b9ee6bef5f"
  integrity sha512-esCvf6wS0SRqzOQl7+NOyrL+3atkXOflXmWcXw80hq7xyM3kIhA/ux2ctckqc/r8OYI1Zm+hrtUc3QNAIpKz1w==

module-exercise-rollup@^1.0.0:
  version "1.0.0"
  resolved "https://registry.yarnpkg.com/module-exercise-rollup/-/module-exercise-rollup-1.0.0.tgz#bd5118869a735f66aaef59cd9b54bb39a904602a"
  integrity sha512-qAzNGm0XrXxwhE7s42956rJw5q0QRtWYZaFFwuM90iCVbM83JOSZSxN6zK5rUrAMYcI4kP0E2m1j3jygfaEfAw==
